
Microsoft Visual Studio Solution File, Format Version 12.00
# Visual Studio Version 17
VisualStudioVersion = 17.11.35312.102
MinimumVisualStudioVersion = 10.0.40219.1
Project("{9A19103F-16F7-4668-BE54-9A1E7A4F7556}") = "FestivalFeedback", "FestivalFeedback.csproj", "{C01FE200-D431-4F9B-837A-2E46BD7312F1}"
EndProject
Global
	GlobalSection(SolutionConfigurationPlatforms) = preSolution
		Debug|Any CPU = Debug|Any CPU
		Release|Any CPU = Release|Any CPU
	EndGlobalSection
	GlobalSection(ProjectConfigurationPlatforms) = postSolution
		{C01FE200-D431-4F9B-837A-2E46BD7312F1}.Debug|Any CPU.ActiveCfg = Debug|Any CPU
		{C01FE200-D431-4F9B-837A-2E46BD7312F1}.Debug|Any CPU.Build.0 = Debug|Any CPU
		{C01FE200-D431-4F9B-837A-2E46BD7312F1}.Release|Any CPU.ActiveCfg = Release|Any CPU
		{C01FE200-D431-4F9B-837A-2E46BD7312F1}.Release|Any CPU.Build.0 = Release|Any CPU
	EndGlobalSection
	GlobalSection(SolutionProperties) = preSolution
		HideSolutionNode = FALSE
	EndGlobalSection
	GlobalSection(ExtensibilityGlobals) = postSolution
		SolutionGuid = {701FF55C-6C23-4E9B-ADB0-4DA94E7275D6}
	EndGlobalSection
EndGlobal
